
Microsoft Visual Studio Solution File, Format Version 12.00
# Visual Studio Version 17
VisualStudioVersion = 17.3.32901.215
MinimumVisualStudioVersion = 10.0.40219.1
Project("{FAE04EC0-301F-11D3-BF4B-00C04F79EFBC}") = "Lux_GUI", "Lux_GUI\Lux_GUI.csproj", "{4F5079E4-065E-4E62-81B1-F784EF32398C}"
EndProject
Global
	GlobalSection(SolutionConfigurationPlatforms) = preSolution
		Debug|Any CPU = Debug|Any CPU
		Release|Any CPU = Release|Any CPU
	EndGlobalSection
	GlobalSection(ProjectConfigurationPlatforms) = postSolution
		{4F5079E4-065E-4E62-81B1-F784EF32398C}.Debug|Any CPU.ActiveCfg = Debug|Any CPU
		{4F5079E4-065E-4E62-81B1-F784EF32398C}.Debug|Any CPU.Build.0 = Debug|Any CPU
		{4F5079E4-065E-4E62-81B1-F784EF32398C}.Release|Any CPU.ActiveCfg = Release|Any CPU
		{4F5079E4-065E-4E62-81B1-F784EF32398C}.Release|Any CPU.Build.0 = Release|Any CPU
	EndGlobalSection
	GlobalSection(SolutionProperties) = preSolution
		HideSolutionNode = FALSE
	EndGlobalSection
	GlobalSection(ExtensibilityGlobals) = postSolution
		SolutionGuid = {AC737CBE-AFA6-4937-86EF-372CE4D09C9B}
	EndGlobalSection
EndGlobal
